{
  "name": "website",
  "lockfileVersion": 2,
  "requires": true,
  "packages": {
    "": {
      "dependencies": {
        "marked": "^5.1.1"
      }
    },
    "node_modules/marked": {
      "version": "5.1.1",
      "resolved": "https://registry.npmjs.org/marked/-/marked-5.1.1.tgz",
      "integrity": "sha512-bTmmGdEINWmOMDjnPWDxGPQ4qkDLeYorpYbEtFOXzOruTwUE671q4Guiuchn4N8h/v6NGd7916kXsm3Iz4iUSg==",
      "bin": {
        "marked": "bin/marked.js"
      },
      "engines": {
        "node": ">= 18"
      }
    }
  },
  "dependencies": {
    "marked": {
      "version": "5.1.1",
      "resolved": "https://registry.npmjs.org/marked/-/marked-5.1.1.tgz",
      "integrity": "sha512-bTmmGdEINWmOMDjnPWDxGPQ4qkDLeYorpYbEtFOXzOruTwUE671q4Guiuchn4N8h/v6NGd7916kXsm3Iz4iUSg=="
    }
  }
}
